
Microsoft Visual Studio Solution File, Format Version 12.00
# Visual Studio Version 17
VisualStudioVersion = 17.11.35312.102
MinimumVisualStudioVersion = 10.0.40219.1
Project("{FAE04EC0-301F-11D3-BF4B-00C04F79EFBC}") = "Academy.Presentation", "Academy.Presentation\Academy.Presentation.csproj", "{2836B5C3-2543-4A1C-9848-10F81DAC025A}"
EndProject
Project("{FAE04EC0-301F-11D3-BF4B-00C04F79EFBC}") = "Academy.Domain", "Academy.Domain\Academy.Domain.csproj", "{785E906A-DD40-4BC7-805D-DD39BAF77C70}"
EndProject
Project("{FAE04EC0-301F-11D3-BF4B-00C04F79EFBC}") = "Academy.Repository", "Academy.Repository\Academy.Repository.csproj", "{E9517F48-E8FE-483C-AE62-2B42F6B37035}"
EndProject
Project("{FAE04EC0-301F-11D3-BF4B-00C04F79EFBC}") = "Academy.Service", "Academy.Service\Academy.Service.csproj", "{7C30F792-CF39-4785-8271-36F02A731C03}"
EndProject
Global
	GlobalSection(SolutionConfigurationPlatforms) = preSolution
		Debug|Any CPU = Debug|Any CPU
		Release|Any CPU = Release|Any CPU
	EndGlobalSection
	GlobalSection(ProjectConfigurationPlatforms) = postSolution
		{2836B5C3-2543-4A1C-9848-10F81DAC025A}.Debug|Any CPU.ActiveCfg = Debug|Any CPU
		{2836B5C3-2543-4A1C-9848-10F81DAC025A}.Debug|Any CPU.Build.0 = Debug|Any CPU
		{2836B5C3-2543-4A1C-9848-10F81DAC025A}.Release|Any CPU.ActiveCfg = Release|Any CPU
		{2836B5C3-2543-4A1C-9848-10F81DAC025A}.Release|Any CPU.Build.0 = Release|Any CPU
		{785E906A-DD40-4BC7-805D-DD39BAF77C70}.Debug|Any CPU.ActiveCfg = Debug|Any CPU
		{785E906A-DD40-4BC7-805D-DD39BAF77C70}.Debug|Any CPU.Build.0 = Debug|Any CPU
		{785E906A-DD40-4BC7-805D-DD39BAF77C70}.Release|Any CPU.ActiveCfg = Release|Any CPU
		{785E906A-DD40-4BC7-805D-DD39BAF77C70}.Release|Any CPU.Build.0 = Release|Any CPU
		{E9517F48-E8FE-483C-AE62-2B42F6B37035}.Debug|Any CPU.ActiveCfg = Debug|Any CPU
		{E9517F48-E8FE-483C-AE62-2B42F6B37035}.Debug|Any CPU.Build.0 = Debug|Any CPU
		{E9517F48-E8FE-483C-AE62-2B42F6B37035}.Release|Any CPU.ActiveCfg = Release|Any CPU
		{E9517F48-E8FE-483C-AE62-2B42F6B37035}.Release|Any CPU.Build.0 = Release|Any CPU
		{7C30F792-CF39-4785-8271-36F02A731C03}.Debug|Any CPU.ActiveCfg = Debug|Any CPU
		{7C30F792-CF39-4785-8271-36F02A731C03}.Debug|Any CPU.Build.0 = Debug|Any CPU
		{7C30F792-CF39-4785-8271-36F02A731C03}.Release|Any CPU.ActiveCfg = Release|Any CPU
		{7C30F792-CF39-4785-8271-36F02A731C03}.Release|Any CPU.Build.0 = Release|Any CPU
	EndGlobalSection
	GlobalSection(SolutionProperties) = preSolution
		HideSolutionNode = FALSE
	EndGlobalSection
	GlobalSection(ExtensibilityGlobals) = postSolution
		SolutionGuid = {E3CD1AF0-D3EF-4B5E-A348-2629307E281E}
	EndGlobalSection
EndGlobal
